{
  "name": "laz-quick-viewer",
  "requires": true,
  "lockfileVersion": 1,
  "dependencies": {
    "@babel/runtime": {
      "version": "7.18.9",
      "resolved": "https://registry.npmjs.org/@babel/runtime/-/runtime-7.18.9.tgz",
      "integrity": "sha512-lkqXDcvlFT5rvEjiu6+QYO+1GXrEHRo2LOtS7E4GtX5ESIZOgepqsZBVIj6Pv+a6zqsya9VCgiK1KAK4BvJDAw==",
      "requires": {
        "regenerator-runtime": "^0.13.4"
      }
    },
    "@deck.gl/core": {
      "version": "8.8.6",
      "resolved": "https://registry.npmjs.org/@deck.gl/core/-/core-8.8.6.tgz",
      "integrity": "sha512-BnavqP/IZKzrHPQ2kP7H2lZDE7vGAlCem5hBKKKhk138pLtoIOY0FeaSRnnWL4AeypsOwnMHhCjI4BGyepzdyQ==",
      "requires": {
        "@loaders.gl/core": "^3.2.5",
        "@loaders.gl/images": "^3.2.5",
        "@luma.gl/constants": "^8.5.16",
        "@luma.gl/core": "^8.5.16",
        "@math.gl/core": "^3.6.2",
        "@math.gl/sun": "^3.6.2",
        "@math.gl/web-mercator": "^3.6.2",
        "@probe.gl/env": "^3.5.0",
        "@probe.gl/log": "^3.5.0",
        "@probe.gl/stats": "^3.5.0",
        "gl-matrix": "^3.0.0",
        "math.gl": "^3.6.2",
        "mjolnir.js": "^2.7.0"
      }
    },
    "@deck.gl/layers": {
      "version": "8.8.6",
      "resolved": "https://registry.npmjs.org/@deck.gl/layers/-/layers-8.8.6.tgz",
      "integrity": "sha512-wR+xZkddT6Sz7Yv7JqkczHlY1zr8WhVguY7A/9lC5a8atFbDI6Th5eZby4D5n1NQohpOq2FfPo0JNrCzYWr9KQ==",
      "requires": {
        "@loaders.gl/images": "^3.2.5",
        "@loaders.gl/schema": "^3.2.5",
        "@luma.gl/constants": "^8.5.16",
        "@mapbox/tiny-sdf": "^1.1.0",
        "@math.gl/core": "^3.6.2",
        "@math.gl/polygon": "^3.6.2",
        "@math.gl/web-mercator": "^3.6.2",
        "earcut": "^2.0.6"
      }
    },
    "@esbuild/linux-loong64": {
      "version": "0.14.53",
      "resolved": "https://registry.npmjs.org/@esbuild/linux-loong64/-/linux-loong64-0.14.53.tgz",
      "integrity": "sha512-W2dAL6Bnyn4xa/QRSU3ilIK4EzD5wgYXKXJiS1HDF5vU3675qc2bvFyLwbUcdmssDveyndy7FbitrCoiV/eMLg==",
      "dev": true,
      "optional": true
    },
    "@loaders.gl/core": {
      "version": "3.2.6",
      "resolved": "https://registry.npmjs.org/@loaders.gl/core/-/core-3.2.6.tgz",
      "integrity": "sha512-7aYWjkA7Shprd5pe4pAUHXlCfP5TMvIevHrg93UiLlwROrTM0ui0akcqGxOaL6SKoKBDtRvBaQ6YB51sf3KLqQ==",
      "requires": {
        "@babel/runtime": "^7.3.1",
        "@loaders.gl/loader-utils": "3.2.6",
        "@loaders.gl/worker-utils": "3.2.6",
        "@probe.gl/log": "^3.5.0",
        "probe.gl": "^3.4.0"
      }
    },
    "@loaders.gl/images": {
      "version": "3.2.6",
      "resolved": "https://registry.npmjs.org/@loaders.gl/images/-/images-3.2.6.tgz",
      "integrity": "sha512-4Dgpw/uOQLEi3bvxUVg5n+nSlMlGCRnl1K0M8kZbsNc0aaV57cnQK2whsA8xM/pkCl3YE+nG8yo8IniK25j4lA==",
      "requires": {
        "@loaders.gl/loader-utils": "3.2.6"
      }
    },
    "@loaders.gl/las": {
      "version": "3.2.6",
      "resolved": "https://registry.npmjs.org/@loaders.gl/las/-/las-3.2.6.tgz",
      "integrity": "sha512-UUmMRbzqYzUTgBZgGjsfe0juKig7ot7+dSohboT6o3FA7pqjozi2Pdb+vdO3W+EjsAbLLPgCJhmG7BvbqhHgOg==",
      "requires": {
        "@babel/runtime": "^7.3.1",
        "@loaders.gl/loader-utils": "3.2.6",
        "@loaders.gl/schema": "3.2.6",
        "apache-arrow": "^4.0.0"
      }
    },
    "@loaders.gl/loader-utils": {
      "version": "3.2.6",
      "resolved": "https://registry.npmjs.org/@loaders.gl/loader-utils/-/loader-utils-3.2.6.tgz",
      "integrity": "sha512-OXVEhimpcn37VBs+QTUFZE8vjzr3zZKc0O5vuOsFijLmoT85J7f7G1rSJ9RY3eRM+au+VvIp6Pqt6fBGbe+lDg==",
      "requires": {
        "@babel/runtime": "^7.3.1",
        "@loaders.gl/worker-utils": "3.2.6",
        "@probe.gl/stats": "^3.5.0"
      }
    },
    "@loaders.gl/schema": {
      "version": "3.2.6",
      "resolved": "https://registry.npmjs.org/@loaders.gl/schema/-/schema-3.2.6.tgz",
      "integrity": "sha512-Hy7VRe8dVDnX9nnObpwyk8XcQmfJfn1Iqxc8ATtq0CLH9Prep4pQII8kB6fVZ14clqVm8432zkfINQ0l6ug2RA==",
      "requires": {
        "@types/geojson": "^7946.0.7",
        "apache-arrow": "^4.0.0"
      }
    },
    "@loaders.gl/worker-utils": {
      "version": "3.2.6",
      "resolved": "https://registry.npmjs.org/@loaders.gl/worker-utils/-/worker-utils-3.2.6.tgz",
      "integrity": "sha512-iT+vyrsUsoo/fodBAz5ihRzXvwjaZka73MdcBGtgsuyQeRbYcM3G5d4sBieque5fY9IXYFcTLg+TwCzVxQBWbQ==",
      "requires": {
        "@babel/runtime": "^7.3.1"
      }
    },
    "@luma.gl/constants": {
      "version": "8.5.16",
      "resolved": "https://registry.npmjs.org/@luma.gl/constants/-/constants-8.5.16.tgz",
      "integrity": "sha512-b9JrfhlU4tgQWa7vAzQzzw3yS0NdJBrTEZ6LA9XRKSwVV5VunHXApnrnN4v1oA0AGgnknnUf40PRBZolsVK+7Q=="
    },
    "@luma.gl/core": {
      "version": "8.5.16",
      "resolved": "https://registry.npmjs.org/@luma.gl/core/-/core-8.5.16.tgz",
      "integrity": "sha512-w3goHMFEhQFlpoXXygFD6zaZvu4rYvMLfDXThpBMUYm8Y4k46UREFYhsV1aOe1aJlaolsRT/9J2fgSDXr0yA3w==",
      "requires": {
        "@babel/runtime": "^7.0.0",
        "@luma.gl/constants": "8.5.16",
        "@luma.gl/engine": "8.5.16",
        "@luma.gl/gltools": "8.5.16",
        "@luma.gl/shadertools": "8.5.16",
        "@luma.gl/webgl": "8.5.16"
      }
    },
    "@luma.gl/engine": {
      "version": "8.5.16",
      "resolved": "https://registry.npmjs.org/@luma.gl/engine/-/engine-8.5.16.tgz",
      "integrity": "sha512-F9wMLg+ystsXa3oOzLezaD1K7ot+kL69IKIJqVjxNecPLf8E/BxJlKL+AZW7SCluka6pFMlGomog0GnjjCxH8Q==",
      "requires": {
        "@babel/runtime": "^7.0.0",
        "@luma.gl/constants": "8.5.16",
        "@luma.gl/gltools": "8.5.16",
        "@luma.gl/shadertools": "8.5.16",
        "@luma.gl/webgl": "8.5.16",
        "@math.gl/core": "^3.5.0",
        "@probe.gl/env": "^3.5.0",
        "@probe.gl/stats": "^3.5.0",
        "@types/offscreencanvas": "^2019.7.0"
      }
    },
    "@luma.gl/gltools": {
      "version": "8.5.16",
      "resolved": "https://registry.npmjs.org/@luma.gl/gltools/-/gltools-8.5.16.tgz",
      "integrity": "sha512-CNCLbKtMRep7tTuB5x3RA7tD70U8XXA8xhABDZs7oAQ0Q/K2EjnwskSUlWzgD3ZPluh6JZzvQBEi4DSmeW3NZA==",
      "requires": {
        "@babel/runtime": "^7.0.0",
        "@luma.gl/constants": "8.5.16",
        "@probe.gl/env": "^3.5.0",
        "@probe.gl/log": "^3.5.0",
        "@types/offscreencanvas": "^2019.7.0"
      }
    },
    "@luma.gl/shadertools": {
      "version": "8.5.16",
      "resolved": "https://registry.npmjs.org/@luma.gl/shadertools/-/shadertools-8.5.16.tgz",
      "integrity": "sha512-L3M3v6bQhIT8McCeqLvHnLJBmBXYDog1QblF4PVszuIB/WH+cHxZ0I26X2a1eEsVCvdeCrxRBxr42743oyfUNA==",
      "requires": {
        "@babel/runtime": "^7.0.0",
        "@math.gl/core": "^3.5.0"
      }
    },
    "@luma.gl/webgl": {
      "version": "8.5.16",
      "resolved": "https://registry.npmjs.org/@luma.gl/webgl/-/webgl-8.5.16.tgz",
      "integrity": "sha512-vyzr4Mu3+6rKnyu4c5gmTcuDG6xKF49qy316v8oMp45VT0xCQBP17Poq0b0j0VqbGOOtXGI/pxOtr68Ii9fDuA==",
      "requires": {
        "@babel/runtime": "^7.0.0",
        "@luma.gl/constants": "8.5.16",
        "@luma.gl/gltools": "8.5.16",
        "@probe.gl/env": "^3.5.0",
        "@probe.gl/stats": "^3.5.0"
      }
    },
    "@mapbox/tiny-sdf": {
      "version": "1.2.5",
      "resolved": "https://registry.npmjs.org/@mapbox/tiny-sdf/-/tiny-sdf-1.2.5.tgz",
      "integrity": "sha512-cD8A/zJlm6fdJOk6DqPUV8mcpyJkRz2x2R+/fYcWDYG3oWbG7/L7Yl/WqQ1VZCjnL9OTIMAn6c+BC5Eru4sQEw=="
    },
    "@math.gl/core": {
      "version": "3.6.3",
      "resolved": "https://registry.npmjs.org/@math.gl/core/-/core-3.6.3.tgz",
      "integrity": "sha512-jBABmDkj5uuuE0dTDmwwss7Cup5ZwQ6Qb7h1pgvtkEutTrhkcv8SuItQNXmF45494yIHeoGue08NlyeY6wxq2A==",
      "requires": {
        "@babel/runtime": "^7.12.0",
        "@math.gl/types": "3.6.3",
        "gl-matrix": "^3.4.0"
      }
    },
    "@math.gl/polygon": {
      "version": "3.6.3",
      "resolved": "https://registry.npmjs.org/@math.gl/polygon/-/polygon-3.6.3.tgz",
      "integrity": "sha512-FivQ1ZnYcAss1wVifOkHP/ZnlfQy1IL/769uzNtiHxwUbW0kZG3yyOZ9I7fwyzR5Hvqt3ErJKHjSYZr0uVlz5g==",
      "requires": {
        "@math.gl/core": "3.6.3"
      }
    },
    "@math.gl/sun": {
      "version": "3.6.3",
      "resolved": "https://registry.npmjs.org/@math.gl/sun/-/sun-3.6.3.tgz",
      "integrity": "sha512-mrx6CGYYeTNSQttvcw0KVUy+35YDmnjMqpO/o0t06Vcghrt0HNruB/ScRgUSbJrgkbOg1Vcqm23HBd++clzQzw==",
      "requires": {
        "@babel/runtime": "^7.12.0"
      }
    },
    "@math.gl/types": {
      "version": "3.6.3",
      "resolved": "https://registry.npmjs.org/@math.gl/types/-/types-3.6.3.tgz",
      "integrity": "sha512-3uWLVXHY3jQxsXCr/UCNPSc2BG0hNUljhmOBt9l+lNFDp7zHgm0cK2Tw4kj2XfkJy4TgwZTBGwRDQgWEbLbdTA=="
    },
    "@math.gl/web-mercator": {
      "version": "3.6.3",
      "resolved": "https://registry.npmjs.org/@math.gl/web-mercator/-/web-mercator-3.6.3.tgz",
      "integrity": "sha512-UVrkSOs02YLehKaehrxhAejYMurehIHPfFQvPFZmdJHglHOU4V2cCUApTVEwOksvCp161ypEqVp+9H6mGhTTcw==",
      "requires": {
        "@babel/runtime": "^7.12.0",
        "gl-matrix": "^3.4.0"
      }
    },
    "@probe.gl/env": {
      "version": "3.5.0",
      "resolved": "https://registry.npmjs.org/@probe.gl/env/-/env-3.5.0.tgz",
      "integrity": "sha512-YdlpZZshhyYxvWDBmZ5RIW2pTR14Pw4p9czMlt/v7F6HbFzWfAdmH7q6xVwFRYxUpQLwhWensWyv4aFysiWl4g==",
      "requires": {
        "@babel/runtime": "^7.0.0"
      }
    },
    "@probe.gl/log": {
      "version": "3.5.0",
      "resolved": "https://registry.npmjs.org/@probe.gl/log/-/log-3.5.0.tgz",
      "integrity": "sha512-nW/qz2X1xY08WU/TsmJP6/6IPNcaY5fS/vLjpC4ahJuE2Mezga4hGM/R2X5JWE/nkPc+BsC5GnAnD13rwAxS7g==",
      "requires": {
        "@babel/runtime": "^7.0.0",
        "@probe.gl/env": "3.5.0"
      }
    },
    "@probe.gl/stats": {
      "version": "3.5.0",
      "resolved": "https://registry.npmjs.org/@probe.gl/stats/-/stats-3.5.0.tgz",
      "integrity": "sha512-IH2M+F3c8HR1DTroBARePUFG7wIewumtKA0UFqx51Z7S4hKrD60wFbpMmg0AcF4FvHAXMBoC+kYi1UKW9XbAOw==",
      "requires": {
        "@babel/runtime": "^7.0.0"
      }
    },
    "@types/flatbuffers": {
      "version": "1.10.0",
      "resolved": "https://registry.npmjs.org/@types/flatbuffers/-/flatbuffers-1.10.0.tgz",
      "integrity": "sha512-7btbphLrKvo5yl/5CC2OCxUSMx1wV1wvGT1qDXkSt7yi00/YW7E8k6qzXqJHsp+WU0eoG7r6MTQQXI9lIvd0qA=="
    },
    "@types/geojson": {
      "version": "7946.0.10",
      "resolved": "https://registry.npmjs.org/@types/geojson/-/geojson-7946.0.10.tgz",
      "integrity": "sha512-Nmh0K3iWQJzniTuPRcJn5hxXkfB1T1pgB89SBig5PlJQU5yocazeu4jATJlaA0GYFKWMqDdvYemoSnF2pXgLVA=="
    },
    "@types/hammerjs": {
      "version": "2.0.41",
      "resolved": "https://registry.npmjs.org/@types/hammerjs/-/hammerjs-2.0.41.tgz",
      "integrity": "sha512-ewXv/ceBaJprikMcxCmWU1FKyMAQ2X7a9Gtmzw8fcg2kIePI1crERDM818W+XYrxqdBBOdlf2rm137bU+BltCA=="
    },
    "@types/node": {
      "version": "14.18.23",
      "resolved": "https://registry.npmjs.org/@types/node/-/node-14.18.23.tgz",
      "integrity": "sha512-MhbCWN18R4GhO8ewQWAFK4TGQdBpXWByukz7cWyJmXhvRuCIaM/oWytGPqVmDzgEnnaIc9ss6HbU5mUi+vyZPA=="
    },
    "@types/offscreencanvas": {
      "version": "2019.7.0",
      "resolved": "https://registry.npmjs.org/@types/offscreencanvas/-/offscreencanvas-2019.7.0.tgz",
      "integrity": "sha512-PGcyveRIpL1XIqK8eBsmRBt76eFgtzuPiSTyKHZxnGemp2yzGzWpjYKAfK3wIMiU7eH+851yEpiuP8JZerTmWg=="
    },
    "@types/text-encoding-utf-8": {
      "version": "1.0.2",
      "resolved": "https://registry.npmjs.org/@types/text-encoding-utf-8/-/text-encoding-utf-8-1.0.2.tgz",
      "integrity": "sha512-AQ6zewa0ucLJvtUi5HsErbOFKAcQfRLt9zFLlUOvcXBy2G36a+ZDpCHSGdzJVUD8aNURtIjh9aSjCStNMRCcRQ=="
    },
    "ansi-styles": {
      "version": "3.2.1",
      "resolved": "https://registry.npmjs.org/ansi-styles/-/ansi-styles-3.2.1.tgz",
      "integrity": "sha512-VT0ZI6kZRdTh8YyJw3SMbYm/u+NqfsAxEpWO0Pf9sq8/e94WxxOpPKx9FR1FlyCtOVDNOQ+8ntlqFxiRc+r5qA==",
      "requires": {
        "color-convert": "^1.9.0"
      }
    },
    "apache-arrow": {
      "version": "4.0.1",
      "resolved": "https://registry.npmjs.org/apache-arrow/-/apache-arrow-4.0.1.tgz",
      "integrity": "sha512-DyF7GXCbSjsw4P5C8b+qW7OnJKa6w9mJI0mhV0+EfZbVZCmhfiF6ffqcnrI/kzBrRqn9hH/Ft9n5+m4DTbBJpg==",
      "requires": {
        "@types/flatbuffers": "^1.10.0",
        "@types/node": "^14.14.37",
        "@types/text-encoding-utf-8": "^1.0.1",
        "command-line-args": "5.1.1",
        "command-line-usage": "6.1.1",
        "flatbuffers": "1.12.0",
        "json-bignum": "^0.0.3",
        "pad-left": "^2.1.0",
        "text-encoding-utf-8": "^1.0.2",
        "tslib": "^2.2.0"
      }
    },
    "array-back": {
      "version": "3.1.0",
      "resolved": "https://registry.npmjs.org/array-back/-/array-back-3.1.0.tgz",
      "integrity": "sha512-TkuxA4UCOvxuDK6NZYXCalszEzj+TLszyASooky+i742l9TqsOdYCMJJupxRic61hwquNtppB3hgcuq9SVSH1Q=="
    },
    "chalk": {
      "version": "2.4.2",
      "resolved": "https://registry.npmjs.org/chalk/-/chalk-2.4.2.tgz",
      "integrity": "sha512-Mti+f9lpJNcwF4tWV8/OrTTtF1gZi+f8FqlyAdouralcFWFQWF2+NgCHShjkCb+IFBLq9buZwE1xckQU4peSuQ==",
      "requires": {
        "ansi-styles": "^3.2.1",
        "escape-string-regexp": "^1.0.5",
        "supports-color": "^5.3.0"
      }
    },
    "color-convert": {
      "version": "1.9.3",
      "resolved": "https://registry.npmjs.org/color-convert/-/color-convert-1.9.3.tgz",
      "integrity": "sha512-QfAUtd+vFdAtFQcC8CCyYt1fYWxSqAiK2cSD6zDB8N3cpsEBAvRxp9zOGg6G/SHHJYAT88/az/IuDGALsNVbGg==",
      "requires": {
        "color-name": "1.1.3"
      }
    },
    "color-name": {
      "version": "1.1.3",
      "resolved": "https://registry.npmjs.org/color-name/-/color-name-1.1.3.tgz",
      "integrity": "sha512-72fSenhMw2HZMTVHeCA9KCmpEIbzWiQsjN+BHcBbS9vr1mtt+vJjPdksIBNUmKAW8TFUDPJK5SUU3QhE9NEXDw=="
    },
    "command-line-args": {
      "version": "5.1.1",
      "resolved": "https://registry.npmjs.org/command-line-args/-/command-line-args-5.1.1.tgz",
      "integrity": "sha512-hL/eG8lrll1Qy1ezvkant+trihbGnaKaeEjj6Scyr3DN+RC7iQ5Rz84IeLERfAWDGo0HBSNAakczwgCilDXnWg==",
      "requires": {
        "array-back": "^3.0.1",
        "find-replace": "^3.0.0",
        "lodash.camelcase": "^4.3.0",
        "typical": "^4.0.0"
      }
    },
    "command-line-usage": {
      "version": "6.1.1",
      "resolved": "https://registry.npmjs.org/command-line-usage/-/command-line-usage-6.1.1.tgz",
      "integrity": "sha512-F59pEuAR9o1SF/bD0dQBDluhpT4jJQNWUHEuVBqpDmCUo6gPjCi+m9fCWnWZVR/oG6cMTUms4h+3NPl74wGXvA==",
      "requires": {
        "array-back": "^4.0.1",
        "chalk": "^2.4.2",
        "table-layout": "^1.0.1",
        "typical": "^5.2.0"
      },
      "dependencies": {
        "array-back": {
          "version": "4.0.2",
          "resolved": "https://registry.npmjs.org/array-back/-/array-back-4.0.2.tgz",
          "integrity": "sha512-NbdMezxqf94cnNfWLL7V/im0Ub+Anbb0IoZhvzie8+4HJ4nMQuzHuy49FkGYCJK2yAloZ3meiB6AVMClbrI1vg=="
        },
        "typical": {
          "version": "5.2.0",
          "resolved": "https://registry.npmjs.org/typical/-/typical-5.2.0.tgz",
          "integrity": "sha512-dvdQgNDNJo+8B2uBQoqdb11eUCE1JQXhvjC/CZtgvZseVd5TYMXnq0+vuUemXbd/Se29cTaUuPX3YIc2xgbvIg=="
        }
      }
    },
    "deep-extend": {
      "version": "0.6.0",
      "resolved": "https://registry.npmjs.org/deep-extend/-/deep-extend-0.6.0.tgz",
      "integrity": "sha512-LOHxIOaPYdHlJRtCQfDIVZtfw/ufM8+rVj649RIHzcm/vGwQRXFt6OPqIFWsm2XEMrNIEtWR64sY1LEKD2vAOA=="
    },
    "earcut": {
      "version": "2.2.4",
      "resolved": "https://registry.npmjs.org/earcut/-/earcut-2.2.4.tgz",
      "integrity": "sha512-/pjZsA1b4RPHbeWZQn66SWS8nZZWLQQ23oE3Eam7aroEFGEvwKAsJfZ9ytiEMycfzXWpca4FA9QIOehf7PocBQ=="
    },
    "esbuild": {
      "version": "0.14.53",
      "resolved": "https://registry.npmjs.org/esbuild/-/esbuild-0.14.53.tgz",
      "integrity": "sha512-ohO33pUBQ64q6mmheX1mZ8mIXj8ivQY/L4oVuAshr+aJI+zLl+amrp3EodrUNDNYVrKJXGPfIHFGhO8slGRjuw==",
      "dev": true,
      "requires": {
        "@esbuild/linux-loong64": "0.14.53",
        "esbuild-android-64": "0.14.53",
        "esbuild-android-arm64": "0.14.53",
        "esbuild-darwin-64": "0.14.53",
        "esbuild-darwin-arm64": "0.14.53",
        "esbuild-freebsd-64": "0.14.53",
        "esbuild-freebsd-arm64": "0.14.53",
        "esbuild-linux-32": "0.14.53",
        "esbuild-linux-64": "0.14.53",
        "esbuild-linux-arm": "0.14.53",
        "esbuild-linux-arm64": "0.14.53",
        "esbuild-linux-mips64le": "0.14.53",
        "esbuild-linux-ppc64le": "0.14.53",
        "esbuild-linux-riscv64": "0.14.53",
        "esbuild-linux-s390x": "0.14.53",
        "esbuild-netbsd-64": "0.14.53",
        "esbuild-openbsd-64": "0.14.53",
        "esbuild-sunos-64": "0.14.53",
        "esbuild-windows-32": "0.14.53",
        "esbuild-windows-64": "0.14.53",
        "esbuild-windows-arm64": "0.14.53"
      }
    },
    "esbuild-android-64": {
      "version": "0.14.53",
      "resolved": "https://registry.npmjs.org/esbuild-android-64/-/esbuild-android-64-0.14.53.tgz",
      "integrity": "sha512-fIL93sOTnEU+NrTAVMIKiAw0YH22HWCAgg4N4Z6zov2t0kY9RAJ50zY9ZMCQ+RT6bnOfDt8gCTnt/RaSNA2yRA==",
      "dev": true,
      "optional": true
    },
    "esbuild-android-arm64": {
      "version": "0.14.53",
      "resolved": "https://registry.npmjs.org/esbuild-android-arm64/-/esbuild-android-arm64-0.14.53.tgz",
      "integrity": "sha512-PC7KaF1v0h/nWpvlU1UMN7dzB54cBH8qSsm7S9mkwFA1BXpaEOufCg8hdoEI1jep0KeO/rjZVWrsH8+q28T77A==",
      "dev": true,
      "optional": true
    },
    "esbuild-darwin-64": {
      "version": "0.14.53",
      "resolved": "https://registry.npmjs.org/esbuild-darwin-64/-/esbuild-darwin-64-0.14.53.tgz",
      "integrity": "sha512-gE7P5wlnkX4d4PKvLBUgmhZXvL7lzGRLri17/+CmmCzfncIgq8lOBvxGMiQ4xazplhxq+72TEohyFMZLFxuWvg==",
      "dev": true,
      "optional": true
    },
    "esbuild-darwin-arm64": {
      "version": "0.14.53",
      "resolved": "https://registry.npmjs.org/esbuild-darwin-arm64/-/esbuild-darwin-arm64-0.14.53.tgz",
      "integrity": "sha512-otJwDU3hnI15Q98PX4MJbknSZ/WSR1I45il7gcxcECXzfN4Mrpft5hBDHXNRnCh+5858uPXBXA1Vaz2jVWLaIA==",
      "dev": true,
      "optional": true
    },
    "esbuild-freebsd-64": {
      "version": "0.14.53",
      "resolved": "https://registry.npmjs.org/esbuild-freebsd-64/-/esbuild-freebsd-64-0.14.53.tgz",
      "integrity": "sha512-WkdJa8iyrGHyKiPF4lk0MiOF87Q2SkE+i+8D4Cazq3/iqmGPJ6u49je300MFi5I2eUsQCkaOWhpCVQMTKGww2w==",
      "dev": true,
      "optional": true
    },
    "esbuild-freebsd-arm64": {
      "version": "0.14.53",
      "resolved": "https://registry.npmjs.org/esbuild-freebsd-arm64/-/esbuild-freebsd-arm64-0.14.53.tgz",
      "integrity": "sha512-9T7WwCuV30NAx0SyQpw8edbKvbKELnnm1FHg7gbSYaatH+c8WJW10g/OdM7JYnv7qkimw2ZTtSA+NokOLd2ydQ==",
      "dev": true,
      "optional": true
    },
    "esbuild-linux-32": {
      "version": "0.14.53",
      "resolved": "https://registry.npmjs.org/esbuild-linux-32/-/esbuild-linux-32-0.14.53.tgz",
      "integrity": "sha512-VGanLBg5en2LfGDgLEUxQko2lqsOS7MTEWUi8x91YmsHNyzJVT/WApbFFx3MQGhkf+XdimVhpyo5/G0PBY91zg==",
      "dev": true,
      "optional": true
    },
    "esbuild-linux-64": {
      "version": "0.14.53",
      "resolved": "https://registry.npmjs.org/esbuild-linux-64/-/esbuild-linux-64-0.14.53.tgz",
      "integrity": "sha512-pP/FA55j/fzAV7N9DF31meAyjOH6Bjuo3aSKPh26+RW85ZEtbJv9nhoxmGTd9FOqjx59Tc1ZbrJabuiXlMwuZQ==",
      "dev": true,
      "optional": true
    },
    "esbuild-linux-arm": {
      "version": "0.14.53",
      "resolved": "https://registry.npmjs.org/esbuild-linux-arm/-/esbuild-linux-arm-0.14.53.tgz",
      "integrity": "sha512-/u81NGAVZMopbmzd21Nu/wvnKQK3pT4CrvQ8BTje1STXcQAGnfyKgQlj3m0j2BzYbvQxSy+TMck4TNV2onvoPA==",
      "dev": true,
      "optional": true
    },
    "esbuild-linux-arm64": {
      "version": "0.14.53",
      "resolved": "https://registry.npmjs.org/esbuild-linux-arm64/-/esbuild-linux-arm64-0.14.53.tgz",
      "integrity": "sha512-GDmWITT+PMsjCA6/lByYk7NyFssW4Q6in32iPkpjZ/ytSyH+xeEx8q7HG3AhWH6heemEYEWpTll/eui3jwlSnw==",
      "dev": true,
      "optional": true
    },
    "esbuild-linux-mips64le": {
      "version": "0.14.53",
      "resolved": "https://registry.npmjs.org/esbuild-linux-mips64le/-/esbuild-linux-mips64le-0.14.53.tgz",
      "integrity": "sha512-d6/XHIQW714gSSp6tOOX2UscedVobELvQlPMkInhx1NPz4ThZI9uNLQ4qQJHGBGKGfu+rtJsxM4NVHLhnNRdWQ==",
      "dev": true,
      "optional": true
    },
    "esbuild-linux-ppc64le": {
      "version": "0.14.53",
      "resolved": "https://registry.npmjs.org/esbuild-linux-ppc64le/-/esbuild-linux-ppc64le-0.14.53.tgz",
      "integrity": "sha512-ndnJmniKPCB52m+r6BtHHLAOXw+xBCWIxNnedbIpuREOcbSU/AlyM/2dA3BmUQhsHdb4w3amD5U2s91TJ3MzzA==",
      "dev": true,
      "optional": true
    },
    "esbuild-linux-riscv64": {
      "version": "0.14.53",
      "resolved": "https://registry.npmjs.org/esbuild-linux-riscv64/-/esbuild-linux-riscv64-0.14.53.tgz",
      "integrity": "sha512-yG2sVH+QSix6ct4lIzJj329iJF3MhloLE6/vKMQAAd26UVPVkhMFqFopY+9kCgYsdeWvXdPgmyOuKa48Y7+/EQ==",
      "dev": true,
      "optional": true
    },
    "esbuild-linux-s390x": {
      "version": "0.14.53",
      "resolved": "https://registry.npmjs.org/esbuild-linux-s390x/-/esbuild-linux-s390x-0.14.53.tgz",
      "integrity": "sha512-OCJlgdkB+XPYndHmw6uZT7jcYgzmx9K+28PVdOa/eLjdoYkeAFvH5hTwX4AXGLZLH09tpl4bVsEtvuyUldaNCg==",
      "dev": true,
      "optional": true
    },
    "esbuild-netbsd-64": {
      "version": "0.14.53",
      "resolved": "https://registry.npmjs.org/esbuild-netbsd-64/-/esbuild-netbsd-64-0.14.53.tgz",
      "integrity": "sha512-gp2SB+Efc7MhMdWV2+pmIs/Ja/Mi5rjw+wlDmmbIn68VGXBleNgiEZG+eV2SRS0kJEUyHNedDtwRIMzaohWedQ==",
      "dev": true,
      "optional": true
    },
    "esbuild-openbsd-64": {
      "version": "0.14.53",
      "resolved": "https://registry.npmjs.org/esbuild-openbsd-64/-/esbuild-openbsd-64-0.14.53.tgz",
      "integrity": "sha512-eKQ30ZWe+WTZmteDYg8S+YjHV5s4iTxeSGhJKJajFfQx9TLZJvsJX0/paqwP51GicOUruFpSUAs2NCc0a4ivQQ==",
      "dev": true,
      "optional": true
    },
    "esbuild-sunos-64": {
      "version": "0.14.53",
      "resolved": "https://registry.npmjs.org/esbuild-sunos-64/-/esbuild-sunos-64-0.14.53.tgz",
      "integrity": "sha512-OWLpS7a2FrIRukQqcgQqR1XKn0jSJoOdT+RlhAxUoEQM/IpytS3FXzCJM6xjUYtpO5GMY0EdZJp+ur2pYdm39g==",
      "dev": true,
      "optional": true
    },
    "esbuild-windows-32": {
      "version": "0.14.53",
      "resolved": "https://registry.npmjs.org/esbuild-windows-32/-/esbuild-windows-32-0.14.53.tgz",
      "integrity": "sha512-m14XyWQP5rwGW0tbEfp95U6A0wY0DYPInWBB7D69FAXUpBpBObRoGTKRv36lf2RWOdE4YO3TNvj37zhXjVL5xg==",
      "dev": true,
      "optional": true
    },
    "esbuild-windows-64": {
      "version": "0.14.53",
      "resolved": "https://registry.npmjs.org/esbuild-windows-64/-/esbuild-windows-64-0.14.53.tgz",
      "integrity": "sha512-s9skQFF0I7zqnQ2K8S1xdLSfZFsPLuOGmSx57h2btSEswv0N0YodYvqLcJMrNMXh6EynOmWD7rz+0rWWbFpIHQ==",
      "dev": true,
      "optional": true
    },
    "esbuild-windows-arm64": {
      "version": "0.14.53",
      "resolved": "https://registry.npmjs.org/esbuild-windows-arm64/-/esbuild-windows-arm64-0.14.53.tgz",
      "integrity": "sha512-E+5Gvb+ZWts+00T9II6wp2L3KG2r3iGxByqd/a1RmLmYWVsSVUjkvIxZuJ3hYTIbhLkH5PRwpldGTKYqVz0nzQ==",
      "dev": true,
      "optional": true
    },
    "escape-string-regexp": {
      "version": "1.0.5",
      "resolved": "https://registry.npmjs.org/escape-string-regexp/-/escape-string-regexp-1.0.5.tgz",
      "integrity": "sha512-vbRorB5FUQWvla16U8R/qgaFIya2qGzwDrNmCZuYKrbdSUMG6I1ZCGQRefkRVhuOkIGVne7BQ35DSfo1qvJqFg=="
    },
    "find-replace": {
      "version": "3.0.0",
      "resolved": "https://registry.npmjs.org/find-replace/-/find-replace-3.0.0.tgz",
      "integrity": "sha512-6Tb2myMioCAgv5kfvP5/PkZZ/ntTpVK39fHY7WkWBgvbeE+VHd/tZuZ4mrC+bxh4cfOZeYKVPaJIZtZXV7GNCQ==",
      "requires": {
        "array-back": "^3.0.1"
      }
    },
    "flatbuffers": {
      "version": "1.12.0",
      "resolved": "https://registry.npmjs.org/flatbuffers/-/flatbuffers-1.12.0.tgz",
      "integrity": "sha512-c7CZADjRcl6j0PlvFy0ZqXQ67qSEZfrVPynmnL+2zPc+NtMvrF8Y0QceMo7QqnSPc7+uWjUIAbvCQ5WIKlMVdQ=="
    },
    "gl-matrix": {
      "version": "3.4.3",
      "resolved": "https://registry.npmjs.org/gl-matrix/-/gl-matrix-3.4.3.tgz",
      "integrity": "sha512-wcCp8vu8FT22BnvKVPjXa/ICBWRq/zjFfdofZy1WSpQZpphblv12/bOQLBC1rMM7SGOFS9ltVmKOHil5+Ml7gA=="
    },
    "hammerjs": {
      "version": "2.0.8",
      "resolved": "https://registry.npmjs.org/hammerjs/-/hammerjs-2.0.8.tgz",
      "integrity": "sha512-tSQXBXS/MWQOn/RKckawJ61vvsDpCom87JgxiYdGwHdOa0ht0vzUWDlfioofFCRU0L+6NGDt6XzbgoJvZkMeRQ=="
    },
    "has-flag": {
      "version": "3.0.0",
      "resolved": "https://registry.npmjs.org/has-flag/-/has-flag-3.0.0.tgz",
      "integrity": "sha512-sKJf1+ceQBr4SMkvQnBDNDtf4TXpVhVGateu0t918bl30FnbE2m4vNLX+VWe/dpjlb+HugGYzW7uQXH98HPEYw=="
    },
    "json-bignum": {
      "version": "0.0.3",
      "resolved": "https://registry.npmjs.org/json-bignum/-/json-bignum-0.0.3.tgz",
      "integrity": "sha512-2WHyXj3OfHSgNyuzDbSxI1w2jgw5gkWSWhS7Qg4bWXx1nLk3jnbwfUeS0PSba3IzpTUWdHxBieELUzXRjQB2zg=="
    },
    "lodash.camelcase": {
      "version": "4.3.0",
      "resolved": "https://registry.npmjs.org/lodash.camelcase/-/lodash.camelcase-4.3.0.tgz",
      "integrity": "sha512-TwuEnCnxbc3rAvhf/LbG7tJUDzhqXyFnv3dtzLOPgCG/hODL7WFnsbwktkD7yUV0RrreP/l1PALq/YSg6VvjlA=="
    },
    "math.gl": {
      "version": "3.6.3",
      "resolved": "https://registry.npmjs.org/math.gl/-/math.gl-3.6.3.tgz",
      "integrity": "sha512-Yq9CyECvSDox9+5ETi2+x1bGTY5WvGUGL3rJfC4KPoCZAM51MGfrCm6rIn4yOJUVfMPs2a5RwMD+yGS/n1g3gg==",
      "requires": {
        "@math.gl/core": "3.6.3"
      }
    },
    "mjolnir.js": {
      "version": "2.7.1",
      "resolved": "https://registry.npmjs.org/mjolnir.js/-/mjolnir.js-2.7.1.tgz",
      "integrity": "sha512-72BeUWgTv2cj5aZQKpwL8caNUFhXZ9bDm1hxpNj70XJQ62IBnTZmtv/WPxJvtaVNhzNo+D2U8O6ryNI0zImYcw==",
      "requires": {
        "@types/hammerjs": "^2.0.41",
        "hammerjs": "^2.0.8"
      }
    },
    "pad-left": {
      "version": "2.1.0",
      "resolved": "https://registry.npmjs.org/pad-left/-/pad-left-2.1.0.tgz",
      "integrity": "sha512-HJxs9K9AztdIQIAIa/OIazRAUW/L6B9hbQDxO4X07roW3eo9XqZc2ur9bn1StH9CnbbI9EgvejHQX7CBpCF1QA==",
      "requires": {
        "repeat-string": "^1.5.4"
      }
    },
    "probe.gl": {
      "version": "3.5.0",
      "resolved": "https://registry.npmjs.org/probe.gl/-/probe.gl-3.5.0.tgz",
      "integrity": "sha512-KWj8u0PNytr/rVwcQFcN7O8SK7n/ITOsUZ91l4fSX95oHhKvVCI7eadrzFUzFRlXkFfBWpMWZXFHITsHHHUctw==",
      "requires": {
        "@babel/runtime": "^7.0.0",
        "@probe.gl/env": "3.5.0",
        "@probe.gl/log": "3.5.0",
        "@probe.gl/stats": "3.5.0"
      }
    },
    "reduce-flatten": {
      "version": "2.0.0",
      "resolved": "https://registry.npmjs.org/reduce-flatten/-/reduce-flatten-2.0.0.tgz",
      "integrity": "sha512-EJ4UNY/U1t2P/2k6oqotuX2Cc3T6nxJwsM0N0asT7dhrtH1ltUxDn4NalSYmPE2rCkVpcf/X6R0wDwcFpzhd4w=="
    },
    "regenerator-runtime": {
      "version": "0.13.9",
      "resolved": "https://registry.npmjs.org/regenerator-runtime/-/regenerator-runtime-0.13.9.tgz",
      "integrity": "sha512-p3VT+cOEgxFsRRA9X4lkI1E+k2/CtnKtU4gcxyaCUreilL/vqI6CdZ3wxVUx3UOUg+gnUOQQcRI7BmSI656MYA=="
    },
    "repeat-string": {
      "version": "1.6.1",
      "resolved": "https://registry.npmjs.org/repeat-string/-/repeat-string-1.6.1.tgz",
      "integrity": "sha512-PV0dzCYDNfRi1jCDbJzpW7jNNDRuCOG/jI5ctQcGKt/clZD+YcPS3yIlWuTJMmESC8aevCFmWJy5wjAFgNqN6w=="
    },
    "supports-color": {
      "version": "5.5.0",
      "resolved": "https://registry.npmjs.org/supports-color/-/supports-color-5.5.0.tgz",
      "integrity": "sha512-QjVjwdXIt408MIiAqCX4oUKsgU2EqAGzs2Ppkm4aQYbjm+ZEWEcW4SfFNTr4uMNZma0ey4f5lgLrkB0aX0QMow==",
      "requires": {
        "has-flag": "^3.0.0"
      }
    },
    "table-layout": {
      "version": "1.0.2",
      "resolved": "https://registry.npmjs.org/table-layout/-/table-layout-1.0.2.tgz",
      "integrity": "sha512-qd/R7n5rQTRFi+Zf2sk5XVVd9UQl6ZkduPFC3S7WEGJAmetDTjY3qPN50eSKzwuzEyQKy5TN2TiZdkIjos2L6A==",
      "requires": {
        "array-back": "^4.0.1",
        "deep-extend": "~0.6.0",
        "typical": "^5.2.0",
        "wordwrapjs": "^4.0.0"
      },
      "dependencies": {
        "array-back": {
          "version": "4.0.2",
          "resolved": "https://registry.npmjs.org/array-back/-/array-back-4.0.2.tgz",
          "integrity": "sha512-NbdMezxqf94cnNfWLL7V/im0Ub+Anbb0IoZhvzie8+4HJ4nMQuzHuy49FkGYCJK2yAloZ3meiB6AVMClbrI1vg=="
        },
        "typical": {
          "version": "5.2.0",
          "resolved": "https://registry.npmjs.org/typical/-/typical-5.2.0.tgz",
          "integrity": "sha512-dvdQgNDNJo+8B2uBQoqdb11eUCE1JQXhvjC/CZtgvZseVd5TYMXnq0+vuUemXbd/Se29cTaUuPX3YIc2xgbvIg=="
        }
      }
    },
    "text-encoding-utf-8": {
      "version": "1.0.2",
      "resolved": "https://registry.npmjs.org/text-encoding-utf-8/-/text-encoding-utf-8-1.0.2.tgz",
      "integrity": "sha512-8bw4MY9WjdsD2aMtO0OzOCY3pXGYNx2d2FfHRVUKkiCPDWjKuOlhLVASS+pD7VkLTVjW268LYJHwsnPFlBpbAg=="
    },
    "tslib": {
      "version": "2.4.0",
      "resolved": "https://registry.npmjs.org/tslib/-/tslib-2.4.0.tgz",
      "integrity": "sha512-d6xOpEDfsi2CZVlPQzGeux8XMwLT9hssAsaPYExaQMuYskwb+x1x7J371tWlbBdWHroy99KnVB6qIkUbs5X3UQ=="
    },
    "typical": {
      "version": "4.0.0",
      "resolved": "https://registry.npmjs.org/typical/-/typical-4.0.0.tgz",
      "integrity": "sha512-VAH4IvQ7BDFYglMd7BPRDfLgxZZX4O4TFcRDA6EN5X7erNJJq+McIEp8np9aVtxrCJ6qx4GTYVfOWNjcqwZgRw=="
    },
    "wordwrapjs": {
      "version": "4.0.1",
      "resolved": "https://registry.npmjs.org/wordwrapjs/-/wordwrapjs-4.0.1.tgz",
      "integrity": "sha512-kKlNACbvHrkpIw6oPeYDSmdCTu2hdMHoyXLTcUKala++lx5Y+wjJ/e474Jqv5abnVmwxw08DiTuHmw69lJGksA==",
      "requires": {
        "reduce-flatten": "^2.0.0",
        "typical": "^5.2.0"
      },
      "dependencies": {
        "typical": {
          "version": "5.2.0",
          "resolved": "https://registry.npmjs.org/typical/-/typical-5.2.0.tgz",
          "integrity": "sha512-dvdQgNDNJo+8B2uBQoqdb11eUCE1JQXhvjC/CZtgvZseVd5TYMXnq0+vuUemXbd/Se29cTaUuPX3YIc2xgbvIg=="
        }
      }
    }
  }
}
